// !$*UTF8*$!
{
	archiveVersion = 1;
	classes = {
	};
	objectVersion = 54;
	objects = {

/* Begin PBXBuildFile section */
		8D50DFB22B03D5DE00740487 /* AdBannerView.swift in Sources */ = {isa = PBXBuildFile; fileRef = 8D50DFB12B03D5DE00740487 /* AdBannerView.swift */; };
		8D50DFB52B03E38600740487 /* SoundModel.swift in Sources */ = {isa = PBXBuildFile; fileRef = 8D50DFB42B03E38600740487 /* SoundModel.swift */; };
		8D5CFBBC238DDCE700A7857D /* AppDelegate.swift in Sources */ = {isa = PBXBuildFile; fileRef = 8D5CFBBB238DDCE700A7857D /* AppDelegate.swift */; };
		8D5CFBC5238DDCEA00A7857D /* Assets.xcassets in Resources */ = {isa = PBXBuildFile; fileRef = 8D5CFBC4238DDCEA00A7857D /* Assets.xcassets */; };
		8D5CFBC8238DDCEA00A7857D /* LaunchScreen.storyboard in Resources */ = {isa = PBXBuildFile; fileRef = 8D5CFBC6238DDCEA00A7857D /* LaunchScreen.storyboard */; };
		8D6D0C0829396E960099537A /* GoogleMobileAds in Frameworks */ = {isa = PBXBuildFile; productRef = 8D6D0C0729396E960099537A /* GoogleMobileAds */; };
		8D7BF7472AB650EE005F0CB9 /* ApiManager.swift in Sources */ = {isa = PBXBuildFile; fileRef = 8D7BF7462AB650EE005F0CB9 /* ApiManager.swift */; };
		8D7BF74B2AB66134005F0CB9 /* Extensions.swift in Sources */ = {isa = PBXBuildFile; fileRef = 8D7BF74A2AB66134005F0CB9 /* Extensions.swift */; };
		8D91FDC82B01B90E0042A147 /* extensionsSwiftui.swift in Sources */ = {isa = PBXBuildFile; fileRef = 8D91FDC72B01B90E0042A147 /* extensionsSwiftui.swift */; };
		8DA2B8042AFEC36800847B43 /* ResultDetailViewModel.swift in Sources */ = {isa = PBXBuildFile; fileRef = 8DA2B8032AFEC36800847B43 /* ResultDetailViewModel.swift */; };
		8DA2B8062AFEC3CE00847B43 /* CalculatorViewModel.swift in Sources */ = {isa = PBXBuildFile; fileRef = 8DA2B8052AFEC3CE00847B43 /* CalculatorViewModel.swift */; };
		8DD0E2202B02F810004FC1E3 /* UIView.swift in Sources */ = {isa = PBXBuildFile; fileRef = 8DD0E21F2B02F80F004FC1E3 /* UIView.swift */; };
		8DD0E2222B02F819004FC1E3 /* CALayer.swift in Sources */ = {isa = PBXBuildFile; fileRef = 8DD0E2212B02F819004FC1E3 /* CALayer.swift */; };
		8DD0E2242B02F824004FC1E3 /* UIColor.swift in Sources */ = {isa = PBXBuildFile; fileRef = 8DD0E2232B02F824004FC1E3 /* UIColor.swift */; };
		8DD0E2262B02FACE004FC1E3 /* Double+Int+Float.swift in Sources */ = {isa = PBXBuildFile; fileRef = 8DD0E2252B02FACE004FC1E3 /* Double+Int+Float.swift */; };
		8DF3BF462AFE072D0078FA8F /* InflationApp.swift in Sources */ = {isa = PBXBuildFile; fileRef = 8DF3BF452AFE072D0078FA8F /* InflationApp.swift */; };
		8DF3BF492AFE0E190078FA8F /* HomeView.swift in Sources */ = {isa = PBXBuildFile; fileRef = 8DF3BF482AFE0E190078FA8F /* HomeView.swift */; };
		8DF3BF4F2AFE0E590078FA8F /* RegularTableData.swift in Sources */ = {isa = PBXBuildFile; fileRef = 8DF3BF4D2AFE0E590078FA8F /* RegularTableData.swift */; };
		8DF3BF502AFE0E590078FA8F /* DBModelObservable.swift in Sources */ = {isa = PBXBuildFile; fileRef = 8DF3BF4E2AFE0E590078FA8F /* DBModelObservable.swift */; };
		8DF3BF532AFE0EC20078FA8F /* ResultDetailView.swift in Sources */ = {isa = PBXBuildFile; fileRef = 8DF3BF522AFE0EC20078FA8F /* ResultDetailView.swift */; };
/* End PBXBuildFile section */

/* Begin PBXFileReference section */
		8B632D7B25CE5E0B00DD4092 /* Inflation.entitlements */ = {isa = PBXFileReference; lastKnownFileType = text.plist.entitlements; path = Inflation.entitlements; sourceTree = "<group>"; };
		8D50DFB12B03D5DE00740487 /* AdBannerView.swift */ = {isa = PBXFileReference; lastKnownFileType = sourcecode.swift; path = AdBannerView.swift; sourceTree = "<group>"; };
		8D50DFB42B03E38600740487 /* SoundModel.swift */ = {isa = PBXFileReference; lastKnownFileType = sourcecode.swift; path = SoundModel.swift; sourceTree = "<group>"; };
		8D5CFBB8238DDCE700A7857D /* Inflation.app */ = {isa = PBXFileReference; explicitFileType = wrapper.application; includeInIndex = 0; path = Inflation.app; sourceTree = BUILT_PRODUCTS_DIR; };
		8D5CFBBB238DDCE700A7857D /* AppDelegate.swift */ = {isa = PBXFileReference; lastKnownFileType = sourcecode.swift; path = AppDelegate.swift; sourceTree = "<group>"; };
		8D5CFBC4238DDCEA00A7857D /* Assets.xcassets */ = {isa = PBXFileReference; lastKnownFileType = folder.assetcatalog; path = Assets.xcassets; sourceTree = "<group>"; };
		8D5CFBC7238DDCEA00A7857D /* Base */ = {isa = PBXFileReference; lastKnownFileType = file.storyboard; name = Base; path = Base.lproj/LaunchScreen.storyboard; sourceTree = "<group>"; };
		8D5CFBC9238DDCEA00A7857D /* Info.plist */ = {isa = PBXFileReference; lastKnownFileType = text.plist.xml; name = Info.plist; path = uikitOld/Info.plist; sourceTree = "<group>"; };
		8D7BF7462AB650EE005F0CB9 /* ApiManager.swift */ = {isa = PBXFileReference; lastKnownFileType = sourcecode.swift; path = ApiManager.swift; sourceTree = "<group>"; };
		8D7BF74A2AB66134005F0CB9 /* Extensions.swift */ = {isa = PBXFileReference; lastKnownFileType = sourcecode.swift; path = Extensions.swift; sourceTree = "<group>"; };
		8D91FDC72B01B90E0042A147 /* extensionsSwiftui.swift */ = {isa = PBXFileReference; lastKnownFileType = sourcecode.swift; path = extensionsSwiftui.swift; sourceTree = "<group>"; };
		8DA2B8032AFEC36800847B43 /* ResultDetailViewModel.swift */ = {isa = PBXFileReference; lastKnownFileType = sourcecode.swift; path = ResultDetailViewModel.swift; sourceTree = "<group>"; };
		8DA2B8052AFEC3CE00847B43 /* CalculatorViewModel.swift */ = {isa = PBXFileReference; lastKnownFileType = sourcecode.swift; path = CalculatorViewModel.swift; sourceTree = "<group>"; };
		8DD0E21F2B02F80F004FC1E3 /* UIView.swift */ = {isa = PBXFileReference; lastKnownFileType = sourcecode.swift; path = UIView.swift; sourceTree = "<group>"; };
		8DD0E2212B02F819004FC1E3 /* CALayer.swift */ = {isa = PBXFileReference; lastKnownFileType = sourcecode.swift; path = CALayer.swift; sourceTree = "<group>"; };
		8DD0E2232B02F824004FC1E3 /* UIColor.swift */ = {isa = PBXFileReference; lastKnownFileType = sourcecode.swift; path = UIColor.swift; sourceTree = "<group>"; };
		8DD0E2252B02FACE004FC1E3 /* Double+Int+Float.swift */ = {isa = PBXFileReference; lastKnownFileType = sourcecode.swift; path = "Double+Int+Float.swift"; sourceTree = "<group>"; };
		8DF3BF452AFE072D0078FA8F /* InflationApp.swift */ = {isa = PBXFileReference; lastKnownFileType = sourcecode.swift; path = InflationApp.swift; sourceTree = "<group>"; };
		8DF3BF482AFE0E190078FA8F /* HomeView.swift */ = {isa = PBXFileReference; lastKnownFileType = sourcecode.swift; path = HomeView.swift; sourceTree = "<group>"; };
		8DF3BF4D2AFE0E590078FA8F /* RegularTableData.swift */ = {isa = PBXFileReference; fileEncoding = 4; lastKnownFileType = sourcecode.swift; path = RegularTableData.swift; sourceTree = "<group>"; };
		8DF3BF4E2AFE0E590078FA8F /* DBModelObservable.swift */ = {isa = PBXFileReference; fileEncoding = 4; lastKnownFileType = sourcecode.swift; path = DBModelObservable.swift; sourceTree = "<group>"; };
		8DF3BF522AFE0EC20078FA8F /* ResultDetailView.swift */ = {isa = PBXFileReference; lastKnownFileType = sourcecode.swift; path = ResultDetailView.swift; sourceTree = "<group>"; };
/* End PBXFileReference section */

/* Begin PBXFrameworksBuildPhase section */
		8D5CFBB5238DDCE700A7857D /* Frameworks */ = {
			isa = PBXFrameworksBuildPhase;
			buildActionMask = 2147483647;
			files = (
				8D6D0C0829396E960099537A /* GoogleMobileAds in Frameworks */,
			);
			runOnlyForDeploymentPostprocessing = 0;
		};
/* End PBXFrameworksBuildPhase section */

/* Begin PBXGroup section */
		8D50DFB32B03D5E700740487 /* ReusableView */ = {
			isa = PBXGroup;
			children = (
				8D50DFB12B03D5DE00740487 /* AdBannerView.swift */,
			);
			path = ReusableView;
			sourceTree = "<group>";
		};
		8D5CFBAF238DDCE700A7857D = {
			isa = PBXGroup;
			children = (
				8D5CFBBA238DDCE700A7857D /* Inflation */,
				8D5CFBB9238DDCE700A7857D /* Products */,
				8D6D0C0629396E960099537A /* Frameworks */,
			);
			sourceTree = "<group>";
		};
		8D5CFBB9238DDCE700A7857D /* Products */ = {
			isa = PBXGroup;
			children = (
				8D5CFBB8238DDCE700A7857D /* Inflation.app */,
			);
			name = Products;
			sourceTree = "<group>";
		};
		8D5CFBBA238DDCE700A7857D /* Inflation */ = {
			isa = PBXGroup;
			children = (
				8D5CFBBB238DDCE700A7857D /* AppDelegate.swift */,
				8DF3BF452AFE072D0078FA8F /* InflationApp.swift */,
				8DF3BF4C2AFE0E590078FA8F /* Model */,
				8DF3BF4B2AFE0E280078FA8F /* View */,
				8D50DFB32B03D5E700740487 /* ReusableView */,
				8D5CFBC4238DDCEA00A7857D /* Assets.xcassets */,
				8D5CFBC6238DDCEA00A7857D /* LaunchScreen.storyboard */,
				8B632D7B25CE5E0B00DD4092 /* Inflation.entitlements */,
				8DD0E21E2B02F7EC004FC1E3 /* Extensions */,
				8D5CFBC9238DDCEA00A7857D /* Info.plist */,
			);
			path = Inflation;
			sourceTree = "<group>";
		};
		8D6D0C0629396E960099537A /* Frameworks */ = {
			isa = PBXGroup;
			children = (
			);
			name = Frameworks;
			sourceTree = "<group>";
		};
		8DA2B8012AFEC23000847B43 /* ResultDetailView */ = {
			isa = PBXGroup;
			children = (
				8DF3BF522AFE0EC20078FA8F /* ResultDetailView.swift */,
				8DA2B8032AFEC36800847B43 /* ResultDetailViewModel.swift */,
			);
			path = ResultDetailView;
			sourceTree = "<group>";
		};
		8DA2B8022AFEC26300847B43 /* HomeView */ = {
			isa = PBXGroup;
			children = (
				8DF3BF482AFE0E190078FA8F /* HomeView.swift */,
				8DA2B8052AFEC3CE00847B43 /* CalculatorViewModel.swift */,
			);
			path = HomeView;
			sourceTree = "<group>";
		};
		8DD0E21E2B02F7EC004FC1E3 /* Extensions */ = {
			isa = PBXGroup;
			children = (
				8D7BF74A2AB66134005F0CB9 /* Extensions.swift */,
				8DD0E2252B02FACE004FC1E3 /* Double+Int+Float.swift */,
				8DD0E2232B02F824004FC1E3 /* UIColor.swift */,
				8DD0E2212B02F819004FC1E3 /* CALayer.swift */,
				8D91FDC72B01B90E0042A147 /* extensionsSwiftui.swift */,
				8DD0E21F2B02F80F004FC1E3 /* UIView.swift */,
			);
			path = Extensions;
			sourceTree = "<group>";
		};
		8DF3BF4B2AFE0E280078FA8F /* View */ = {
			isa = PBXGroup;
			children = (
				8DA2B8022AFEC26300847B43 /* HomeView */,
				8DA2B8012AFEC23000847B43 /* ResultDetailView */,
			);
			path = View;
			sourceTree = "<group>";
		};
		8DF3BF4C2AFE0E590078FA8F /* Model */ = {
			isa = PBXGroup;
			children = (
				8D7BF7462AB650EE005F0CB9 /* ApiManager.swift */,
				8DF3BF4E2AFE0E590078FA8F /* DBModelObservable.swift */,
				8D50DFB42B03E38600740487 /* SoundModel.swift */,
				8DF3BF512AFE0E610078FA8F /* DataStruct */,
			);
			path = Model;
			sourceTree = "<group>";
		};
		8DF3BF512AFE0E610078FA8F /* DataStruct */ = {
			isa = PBXGroup;
			children = (
				8DF3BF4D2AFE0E590078FA8F /* RegularTableData.swift */,
			);
			path = DataStruct;
			sourceTree = "<group>";
		};
/* End PBXGroup section */

/* Begin PBXNativeTarget section */
		8D5CFBB7238DDCE700A7857D /* Inflation */ = {
			isa = PBXNativeTarget;
			buildConfigurationList = 8D5CFBCC238DDCEA00A7857D /* Build configuration list for PBXNativeTarget "Inflation" */;
			buildPhases = (
				8D5CFBB4238DDCE700A7857D /* Sources */,
				8D5CFBB5238DDCE700A7857D /* Frameworks */,
				8D5CFBB6238DDCE700A7857D /* Resources */,
			);
			buildRules = (
			);
			dependencies = (
			);
			name = Inflation;
			packageProductDependencies = (
				8D6D0C0729396E960099537A /* GoogleMobileAds */,
			);
			productName = Inflation;
			productReference = 8D5CFBB8238DDCE700A7857D /* Inflation.app */;
			productType = "com.apple.product-type.application";
		};
/* End PBXNativeTarget section */

/* Begin PBXProject section */
		8D5CFBB0238DDCE700A7857D /* Project object */ = {
			isa = PBXProject;
			attributes = {
				LastSwiftUpdateCheck = 1120;
				LastUpgradeCheck = 1120;
				ORGANIZATIONNAME = "Misha Dovhiy";
				TargetAttributes = {
					8D5CFBB7238DDCE700A7857D = {
						CreatedOnToolsVersion = 11.2.1;
					};
				};
			};
			buildConfigurationList = 8D5CFBB3238DDCE700A7857D /* Build configuration list for PBXProject "Inflation" */;
			compatibilityVersion = "Xcode 9.3";
			developmentRegion = en;
			hasScannedForEncodings = 0;
			knownRegions = (
				en,
				Base,
			);
			mainGroup = 8D5CFBAF238DDCE700A7857D;
			packageReferences = (
				8D461D7829396B39000EDF01 /* XCRemoteSwiftPackageReference "GoogleMobileAds" */,
			);
			productRefGroup = 8D5CFBB9238DDCE700A7857D /* Products */;
			projectDirPath = "";
			projectRoot = "";
			targets = (
				8D5CFBB7238DDCE700A7857D /* Inflation */,
			);
		};
/* End PBXProject section */

/* Begin PBXResourcesBuildPhase section */
		8D5CFBB6238DDCE700A7857D /* Resources */ = {
			isa = PBXResourcesBuildPhase;
			buildActionMask = 2147483647;
			files = (
				8D5CFBC8238DDCEA00A7857D /* LaunchScreen.storyboard in Resources */,
				8D5CFBC5238DDCEA00A7857D /* Assets.xcassets in Resources */,
			);
			runOnlyForDeploymentPostprocessing = 0;
		};
/* End PBXResourcesBuildPhase section */

/* Begin PBXSourcesBuildPhase section */
		8D5CFBB4238DDCE700A7857D /* Sources */ = {
			isa = PBXSourcesBuildPhase;
			buildActionMask = 2147483647;
			files = (
				8DA2B8062AFEC3CE00847B43 /* CalculatorViewModel.swift in Sources */,
				8D50DFB22B03D5DE00740487 /* AdBannerView.swift in Sources */,
				8DD0E2222B02F819004FC1E3 /* CALayer.swift in Sources */,
				8DA2B8042AFEC36800847B43 /* ResultDetailViewModel.swift in Sources */,
				8D7BF7472AB650EE005F0CB9 /* ApiManager.swift in Sources */,
				8D50DFB52B03E38600740487 /* SoundModel.swift in Sources */,
				8DF3BF4F2AFE0E590078FA8F /* RegularTableData.swift in Sources */,
				8D7BF74B2AB66134005F0CB9 /* Extensions.swift in Sources */,
				8DF3BF502AFE0E590078FA8F /* DBModelObservable.swift in Sources */,
				8D5CFBBC238DDCE700A7857D /* AppDelegate.swift in Sources */,
				8DD0E2242B02F824004FC1E3 /* UIColor.swift in Sources */,
				8DF3BF492AFE0E190078FA8F /* HomeView.swift in Sources */,
				8D91FDC82B01B90E0042A147 /* extensionsSwiftui.swift in Sources */,
				8DD0E2262B02FACE004FC1E3 /* Double+Int+Float.swift in Sources */,
				8DD0E2202B02F810004FC1E3 /* UIView.swift in Sources */,
				8DF3BF462AFE072D0078FA8F /* InflationApp.swift in Sources */,
				8DF3BF532AFE0EC20078FA8F /* ResultDetailView.swift in Sources */,
			);
			runOnlyForDeploymentPostprocessing = 0;
		};
/* End PBXSourcesBuildPhase section */

/* Begin PBXVariantGroup section */
		8D5CFBC6238DDCEA00A7857D /* LaunchScreen.storyboard */ = {
			isa = PBXVariantGroup;
			children = (
				8D5CFBC7238DDCEA00A7857D /* Base */,
			);
			name = LaunchScreen.storyboard;
			sourceTree = "<group>";
		};
/* End PBXVariantGroup section */

/* Begin XCBuildConfiguration section */
		8D5CFBCA238DDCEA00A7857D /* Debug */ = {
			isa = XCBuildConfiguration;
			buildSettings = {
				ALWAYS_SEARCH_USER_PATHS = NO;
				CLANG_ANALYZER_NONNULL = YES;
				CLANG_ANALYZER_NUMBER_OBJECT_CONVERSION = YES_AGGRESSIVE;
				CLANG_CXX_LANGUAGE_STANDARD = "gnu++14";
				CLANG_CXX_LIBRARY = "libc++";
				CLANG_ENABLE_MODULES = YES;
				CLANG_ENABLE_OBJC_ARC = YES;
				CLANG_ENABLE_OBJC_WEAK = YES;
				CLANG_WARN_BLOCK_CAPTURE_AUTORELEASING = YES;
				CLANG_WARN_BOOL_CONVERSION = YES;
				CLANG_WARN_COMMA = YES;
				CLANG_WARN_CONSTANT_CONVERSION = YES;
				CLANG_WARN_DEPRECATED_OBJC_IMPLEMENTATIONS = YES;
				CLANG_WARN_DIRECT_OBJC_ISA_USAGE = YES_ERROR;
				CLANG_WARN_DOCUMENTATION_COMMENTS = YES;
				CLANG_WARN_EMPTY_BODY = YES;
				CLANG_WARN_ENUM_CONVERSION = YES;
				CLANG_WARN_INFINITE_RECURSION = YES;
				CLANG_WARN_INT_CONVERSION = YES;
				CLANG_WARN_NON_LITERAL_NULL_CONVERSION = YES;
				CLANG_WARN_OBJC_IMPLICIT_RETAIN_SELF = YES;
				CLANG_WARN_OBJC_LITERAL_CONVERSION = YES;
				CLANG_WARN_OBJC_ROOT_CLASS = YES_ERROR;
				CLANG_WARN_RANGE_LOOP_ANALYSIS = YES;
				CLANG_WARN_STRICT_PROTOTYPES = YES;
				CLANG_WARN_SUSPICIOUS_MOVE = YES;
				CLANG_WARN_UNGUARDED_AVAILABILITY = YES_AGGRESSIVE;
				CLANG_WARN_UNREACHABLE_CODE = YES;
				CLANG_WARN__DUPLICATE_METHOD_MATCH = YES;
				COPY_PHASE_STRIP = NO;
				DEBUG_INFORMATION_FORMAT = dwarf;
				ENABLE_STRICT_OBJC_MSGSEND = YES;
				ENABLE_TESTABILITY = YES;
				GCC_C_LANGUAGE_STANDARD = gnu11;
				GCC_DYNAMIC_NO_PIC = NO;
				GCC_NO_COMMON_BLOCKS = YES;
				GCC_OPTIMIZATION_LEVEL = 0;
				GCC_PREPROCESSOR_DEFINITIONS = (
					"DEBUG=1",
					"$(inherited)",
				);
				GCC_WARN_64_TO_32_BIT_CONVERSION = YES;
				GCC_WARN_ABOUT_RETURN_TYPE = YES_ERROR;
				GCC_WARN_UNDECLARED_SELECTOR = YES;
				GCC_WARN_UNINITIALIZED_AUTOS = YES_AGGRESSIVE;
				GCC_WARN_UNUSED_FUNCTION = YES;
				GCC_WARN_UNUSED_VARIABLE = YES;
				IPHONEOS_DEPLOYMENT_TARGET = 13.2;
				MTL_ENABLE_DEBUG_INFO = INCLUDE_SOURCE;
				MTL_FAST_MATH = YES;
				ONLY_ACTIVE_ARCH = YES;
				SDKROOT = iphoneos;
				SWIFT_ACTIVE_COMPILATION_CONDITIONS = DEBUG;
				SWIFT_OPTIMIZATION_LEVEL = "-Onone";
			};
			name = Debug;
		};
		8D5CFBCB238DDCEA00A7857D /* Release */ = {
			isa = XCBuildConfiguration;
			buildSettings = {
				ALWAYS_SEARCH_USER_PATHS = NO;
				CLANG_ANALYZER_NONNULL = YES;
				CLANG_ANALYZER_NUMBER_OBJECT_CONVERSION = YES_AGGRESSIVE;
				CLANG_CXX_LANGUAGE_STANDARD = "gnu++14";
				CLANG_CXX_LIBRARY = "libc++";
				CLANG_ENABLE_MODULES = YES;
				CLANG_ENABLE_OBJC_ARC = YES;
				CLANG_ENABLE_OBJC_WEAK = YES;
				CLANG_WARN_BLOCK_CAPTURE_AUTORELEASING = YES;
				CLANG_WARN_BOOL_CONVERSION = YES;
				CLANG_WARN_COMMA = YES;
				CLANG_WARN_CONSTANT_CONVERSION = YES;
				CLANG_WARN_DEPRECATED_OBJC_IMPLEMENTATIONS = YES;
				CLANG_WARN_DIRECT_OBJC_ISA_USAGE = YES_ERROR;
				CLANG_WARN_DOCUMENTATION_COMMENTS = YES;
				CLANG_WARN_EMPTY_BODY = YES;
				CLANG_WARN_ENUM_CONVERSION = YES;
				CLANG_WARN_INFINITE_RECURSION = YES;
				CLANG_WARN_INT_CONVERSION = YES;
				CLANG_WARN_NON_LITERAL_NULL_CONVERSION = YES;
				CLANG_WARN_OBJC_IMPLICIT_RETAIN_SELF = YES;
				CLANG_WARN_OBJC_LITERAL_CONVERSION = YES;
				CLANG_WARN_OBJC_ROOT_CLASS = YES_ERROR;
				CLANG_WARN_RANGE_LOOP_ANALYSIS = YES;
				CLANG_WARN_STRICT_PROTOTYPES = YES;
				CLANG_WARN_SUSPICIOUS_MOVE = YES;
				CLANG_WARN_UNGUARDED_AVAILABILITY = YES_AGGRESSIVE;
				CLANG_WARN_UNREACHABLE_CODE = YES;
				CLANG_WARN__DUPLICATE_METHOD_MATCH = YES;
				COPY_PHASE_STRIP = NO;
				DEBUG_INFORMATION_FORMAT = "dwarf-with-dsym";
				ENABLE_NS_ASSERTIONS = NO;
				ENABLE_STRICT_OBJC_MSGSEND = YES;
				GCC_C_LANGUAGE_STANDARD = gnu11;
				GCC_NO_COMMON_BLOCKS = YES;
				GCC_WARN_64_TO_32_BIT_CONVERSION = YES;
				GCC_WARN_ABOUT_RETURN_TYPE = YES_ERROR;
				GCC_WARN_UNDECLARED_SELECTOR = YES;
				GCC_WARN_UNINITIALIZED_AUTOS = YES_AGGRESSIVE;
				GCC_WARN_UNUSED_FUNCTION = YES;
				GCC_WARN_UNUSED_VARIABLE = YES;
				IPHONEOS_DEPLOYMENT_TARGET = 13.2;
				MTL_ENABLE_DEBUG_INFO = NO;
				MTL_FAST_MATH = YES;
				SDKROOT = iphoneos;
				SWIFT_COMPILATION_MODE = wholemodule;
				SWIFT_OPTIMIZATION_LEVEL = "-O";
				VALIDATE_PRODUCT = YES;
			};
			name = Release;
		};
		8D5CFBCD238DDCEA00A7857D /* Debug */ = {
			isa = XCBuildConfiguration;
			buildSettings = {
				ASSETCATALOG_COMPILER_APPICON_NAME = AppIcon;
				CODE_SIGN_ENTITLEMENTS = Inflation/Inflation.entitlements;
				CODE_SIGN_STYLE = Automatic;
				CURRENT_PROJECT_VERSION = 2;
				DEVELOPMENT_TEAM = FQA2XH9ZUM;
				INFOPLIST_FILE = Inflation/Info.plist;
				INFOPLIST_KEY_LSApplicationCategoryType = "public.app-category.finance";
				IPHONEOS_DEPLOYMENT_TARGET = 14.0;
				LD_RUNPATH_SEARCH_PATHS = (
					"$(inherited)",
					"@executable_path/Frameworks",
				);
				MARKETING_VERSION = 3;
				OTHER_LDFLAGS = "-ObjC";
				PRODUCT_BUNDLE_IDENTIFIER = Dovhiy.Misha.inflation;
				PRODUCT_NAME = "$(TARGET_NAME)";
				SUPPORTS_MACCATALYST = YES;
				SUPPORTS_MAC_DESIGNED_FOR_IPHONE_IPAD = NO;
				SWIFT_VERSION = 5.0;
				TARGETED_DEVICE_FAMILY = "1,2";
			};
			name = Debug;
		};
		8D5CFBCE238DDCEA00A7857D /* Release */ = {
			isa = XCBuildConfiguration;
			buildSettings = {
				ASSETCATALOG_COMPILER_APPICON_NAME = AppIcon;
				CODE_SIGN_ENTITLEMENTS = Inflation/Inflation.entitlements;
				CODE_SIGN_STYLE = Automatic;
				CURRENT_PROJECT_VERSION = 2;
				DEVELOPMENT_TEAM = FQA2XH9ZUM;
				INFOPLIST_FILE = Inflation/Info.plist;
				INFOPLIST_KEY_LSApplicationCategoryType = "public.app-category.finance";
				IPHONEOS_DEPLOYMENT_TARGET = 14.0;
				LD_RUNPATH_SEARCH_PATHS = (
					"$(inherited)",
					"@executable_path/Frameworks",
				);
				MARKETING_VERSION = 3;
				OTHER_LDFLAGS = "-ObjC";
				PRODUCT_BUNDLE_IDENTIFIER = Dovhiy.Misha.inflation;
				PRODUCT_NAME = "$(TARGET_NAME)";
				SUPPORTS_MACCATALYST = YES;
				SUPPORTS_MAC_DESIGNED_FOR_IPHONE_IPAD = NO;
				SWIFT_VERSION = 5.0;
				TARGETED_DEVICE_FAMILY = "1,2";
			};
			name = Release;
		};
/* End XCBuildConfiguration section */

/* Begin XCConfigurationList section */
		8D5CFBB3238DDCE700A7857D /* Build configuration list for PBXProject "Inflation" */ = {
			isa = XCConfigurationList;
			buildConfigurations = (
				8D5CFBCA238DDCEA00A7857D /* Debug */,
				8D5CFBCB238DDCEA00A7857D /* Release */,
			);
			defaultConfigurationIsVisible = 0;
			defaultConfigurationName = Release;
		};
		8D5CFBCC238DDCEA00A7857D /* Build configuration list for PBXNativeTarget "Inflation" */ = {
			isa = XCConfigurationList;
			buildConfigurations = (
				8D5CFBCD238DDCEA00A7857D /* Debug */,
				8D5CFBCE238DDCEA00A7857D /* Release */,
			);
			defaultConfigurationIsVisible = 0;
			defaultConfigurationName = Release;
		};
/* End XCConfigurationList section */

/* Begin XCRemoteSwiftPackageReference section */
		8D461D7829396B39000EDF01 /* XCRemoteSwiftPackageReference "GoogleMobileAds" */ = {
			isa = XCRemoteSwiftPackageReference;
			repositoryURL = "https://github.com/quanghits/GoogleMobileAds.git";
			requirement = {
				branch = main;
				kind = branch;
			};
		};
/* End XCRemoteSwiftPackageReference section */

/* Begin XCSwiftPackageProductDependency section */
		8D6D0C0729396E960099537A /* GoogleMobileAds */ = {
			isa = XCSwiftPackageProductDependency;
			package = 8D461D7829396B39000EDF01 /* XCRemoteSwiftPackageReference "GoogleMobileAds" */;
			productName = GoogleMobileAds;
		};
/* End XCSwiftPackageProductDependency section */
	};
	rootObject = 8D5CFBB0238DDCE700A7857D /* Project object */;
}
